{
  "name": "@erickruano/clerk-svelte",
  "version": "0.0.2",
  "lockfileVersion": 1,
  "requires": true,
  "dependencies": {
    "svelte": {
      "version": "3.40.2",
      "resolved": "https://registry.npmjs.org/svelte/-/svelte-3.40.2.tgz",
      "integrity": "sha512-FrxVBISeRK0fEeg17D5TftKpaFTLPS7S1C+hf21w5gzzi11MlkJZdqJ9XYmPkAeLGeVpQSQDyWET65NVJjTJ4A==",
      "dev": true
    }
  }
}
